
Microsoft Visual Studio Solution File, Format Version 12.00
# Visual Studio Version 16
VisualStudioVersion = 16.0.31129.286
MinimumVisualStudioVersion = 10.0.40219.1
Project("{FAE04EC0-301F-11D3-BF4B-00C04F79EFBC}") = "InformationFlow", "InformationFlow\InformationFlow.csproj", "{C020D40F-4AA2-4B25-BDD6-5D85A76FD859}"
EndProject
Project("{FAE04EC0-301F-11D3-BF4B-00C04F79EFBC}") = "Core", "Core\Core.csproj", "{3C693B89-8CE3-4503-A26A-064DDE6F429F}"
EndProject
Project("{FAE04EC0-301F-11D3-BF4B-00C04F79EFBC}") = "Entities", "Entities\Entities.csproj", "{62F8D2BC-4047-4946-9E41-DC4A7D7EC58A}"
EndProject
Global
	GlobalSection(SolutionConfigurationPlatforms) = preSolution
		Debug|Any CPU = Debug|Any CPU
		Release|Any CPU = Release|Any CPU
	EndGlobalSection
	GlobalSection(ProjectConfigurationPlatforms) = postSolution
		{C020D40F-4AA2-4B25-BDD6-5D85A76FD859}.Debug|Any CPU.ActiveCfg = Debug|Any CPU
		{C020D40F-4AA2-4B25-BDD6-5D85A76FD859}.Debug|Any CPU.Build.0 = Debug|Any CPU
		{C020D40F-4AA2-4B25-BDD6-5D85A76FD859}.Release|Any CPU.ActiveCfg = Release|Any CPU
		{C020D40F-4AA2-4B25-BDD6-5D85A76FD859}.Release|Any CPU.Build.0 = Release|Any CPU
		{3C693B89-8CE3-4503-A26A-064DDE6F429F}.Debug|Any CPU.ActiveCfg = Debug|Any CPU
		{3C693B89-8CE3-4503-A26A-064DDE6F429F}.Debug|Any CPU.Build.0 = Debug|Any CPU
		{3C693B89-8CE3-4503-A26A-064DDE6F429F}.Release|Any CPU.ActiveCfg = Release|Any CPU
		{3C693B89-8CE3-4503-A26A-064DDE6F429F}.Release|Any CPU.Build.0 = Release|Any CPU
		{62F8D2BC-4047-4946-9E41-DC4A7D7EC58A}.Debug|Any CPU.ActiveCfg = Debug|Any CPU
		{62F8D2BC-4047-4946-9E41-DC4A7D7EC58A}.Debug|Any CPU.Build.0 = Debug|Any CPU
		{62F8D2BC-4047-4946-9E41-DC4A7D7EC58A}.Release|Any CPU.ActiveCfg = Release|Any CPU
		{62F8D2BC-4047-4946-9E41-DC4A7D7EC58A}.Release|Any CPU.Build.0 = Release|Any CPU
	EndGlobalSection
	GlobalSection(SolutionProperties) = preSolution
		HideSolutionNode = FALSE
	EndGlobalSection
	GlobalSection(ExtensibilityGlobals) = postSolution
		SolutionGuid = {0B47FFAF-239D-4B80-B24E-7CACF3100A7D}
	EndGlobalSection
EndGlobal
